
Microsoft Visual Studio Solution File, Format Version 12.00
# Visual Studio Version 17
VisualStudioVersion = 17.14.36401.2 d17.14
MinimumVisualStudioVersion = 10.0.40219.1
Project("{8BC9CEB8-8B4A-11D0-8D11-00A0C91BC942}") = "Shader20260812", "Shader20260812.vcxproj", "{3D797568-4CEF-4B8C-BEA7-459B99DA670D}"
EndProject
Global
	GlobalSection(SolutionConfigurationPlatforms) = preSolution
		Debug|x64 = Debug|x64
		Debug|x86 = Debug|x86
		Release|x64 = Release|x64
		Release|x86 = Release|x86
	EndGlobalSection
	GlobalSection(ProjectConfigurationPlatforms) = postSolution
		{3D797568-4CEF-4B8C-BEA7-459B99DA670D}.Debug|x64.ActiveCfg = Debug|x64
		{3D797568-4CEF-4B8C-BEA7-459B99DA670D}.Debug|x64.Build.0 = Debug|x64
		{3D797568-4CEF-4B8C-BEA7-459B99DA670D}.Debug|x86.ActiveCfg = Debug|Win32
		{3D797568-4CEF-4B8C-BEA7-459B99DA670D}.Debug|x86.Build.0 = Debug|Win32
		{3D797568-4CEF-4B8C-BEA7-459B99DA670D}.Release|x64.ActiveCfg = Release|x64
		{3D797568-4CEF-4B8C-BEA7-459B99DA670D}.Release|x64.Build.0 = Release|x64
		{3D797568-4CEF-4B8C-BEA7-459B99DA670D}.Release|x86.ActiveCfg = Release|Win32
		{3D797568-4CEF-4B8C-BEA7-459B99DA670D}.Release|x86.Build.0 = Release|Win32
	EndGlobalSection
	GlobalSection(SolutionProperties) = preSolution
		HideSolutionNode = FALSE
	EndGlobalSection
	GlobalSection(ExtensibilityGlobals) = postSolution
		SolutionGuid = {F53AAC20-73CE-487B-9461-B0E0B69049F7}
	EndGlobalSection
EndGlobal
